# This file is automatically @generated by Poetry 2.2.1 and should not be changed by hand.

[[package]]
name = "python-dotenv"
version = "0.19.2"
description = "Read key-value pairs from a .env file and set them as environment variables"
optional = false
python-versions = ">=3.5"
groups = ["main"]
files = [
    {file = "python-dotenv-0.19.2.tar.gz", hash = "sha256:a5de49a31e953b45ff2d2fd434bbc2670e8db5273606c1e737cc6b93eff3655f"},
    {file = "python_dotenv-0.19.2-py2.py3-none-any.whl", hash = "sha256:32b2bdc1873fd3a3c346da1c6db83d0053c3c62f28f1f38516070c4c8971b1d3"},
]

[package.extras]
cli = ["click (>=5.0)"]

[metadata]
lock-version = "2.1"
python-versions = "^3.9"
content-hash = "a264c6764f6db0afd410142a59e6392958c9b5c662c6efb8b419047706e0d1f5"
